{
  "name": "fresa-wc",
  "version": "1.0.1",
  "lockfileVersion": 2,
  "requires": true,
  "packages": {
    "": {
      "name": "fresa-wc",
      "version": "1.0.1",
      "license": "MIT",
      "dependencies": {
        "fresa-wc": "^1.0.1"
      }
    },
    "node_modules/fresa-wc": {
      "version": "1.0.1",
      "resolved": "https://registry.npmjs.org/fresa-wc/-/fresa-wc-1.0.1.tgz",
      "integrity": "sha512-15ZP+oQNxou7CAjYl9ugAGeugFq9GuaGtEkWPxtXI5KzTLVwvX1AvILw4/VKrZiS8Sp7x6tzEcJSLSqmZxOWNQ=="
    }
  },
  "dependencies": {
    "fresa-wc": {
      "version": "1.0.1",
      "resolved": "https://registry.npmjs.org/fresa-wc/-/fresa-wc-1.0.1.tgz",
      "integrity": "sha512-15ZP+oQNxou7CAjYl9ugAGeugFq9GuaGtEkWPxtXI5KzTLVwvX1AvILw4/VKrZiS8Sp7x6tzEcJSLSqmZxOWNQ=="
    }
  }
}
